
Microsoft Visual Studio Solution File, Format Version 12.00
# Visual Studio Version 16
VisualStudioVersion = 16.0.30523.141
MinimumVisualStudioVersion = 10.0.40219.1
Project("{FAE04EC0-301F-11D3-BF4B-00C04F79EFBC}") = "PuzzleGameTestTask", "PuzzleGameTestTask\PuzzleGameTestTask.csproj", "{3D26BA50-C7BD-4500-9C1B-DF0C206CFC66}"
EndProject
Global
	GlobalSection(SolutionConfigurationPlatforms) = preSolution
		Debug|Any CPU = Debug|Any CPU
		Release|Any CPU = Release|Any CPU
	EndGlobalSection
	GlobalSection(ProjectConfigurationPlatforms) = postSolution
		{3D26BA50-C7BD-4500-9C1B-DF0C206CFC66}.Debug|Any CPU.ActiveCfg = Debug|Any CPU
		{3D26BA50-C7BD-4500-9C1B-DF0C206CFC66}.Debug|Any CPU.Build.0 = Debug|Any CPU
		{3D26BA50-C7BD-4500-9C1B-DF0C206CFC66}.Release|Any CPU.ActiveCfg = Release|Any CPU
		{3D26BA50-C7BD-4500-9C1B-DF0C206CFC66}.Release|Any CPU.Build.0 = Release|Any CPU
	EndGlobalSection
	GlobalSection(SolutionProperties) = preSolution
		HideSolutionNode = FALSE
	EndGlobalSection
	GlobalSection(ExtensibilityGlobals) = postSolution
		SolutionGuid = {15B10A25-BD13-48E6-9287-E305A68FA3A3}
	EndGlobalSection
EndGlobal
